
Microsoft Visual Studio Solution File, Format Version 12.00
# Visual Studio Version 16
VisualStudioVersion = 16.0.31624.102
MinimumVisualStudioVersion = 10.0.40219.1
Project("{9A19103F-16F7-4668-BE54-9A1E7A4F7556}") = "OSRS Groceries", "OSRS Groceries.csproj", "{3607BE0C-6A65-444E-91C1-8D7D7D1F0DF1}"
EndProject
Project("{FAE04EC0-301F-11D3-BF4B-00C04F79EFBC}") = "OSRS Groceries.Tests", "..\OSRS Groceries.Tests\OSRS Groceries.Tests.csproj", "{DC91E14E-1167-492C-AB76-0CE5124A4539}"
EndProject
Global
	GlobalSection(SolutionConfigurationPlatforms) = preSolution
		Debug|Any CPU = Debug|Any CPU
		Release|Any CPU = Release|Any CPU
	EndGlobalSection
	GlobalSection(ProjectConfigurationPlatforms) = postSolution
		{3607BE0C-6A65-444E-91C1-8D7D7D1F0DF1}.Debug|Any CPU.ActiveCfg = Debug|Any CPU
		{3607BE0C-6A65-444E-91C1-8D7D7D1F0DF1}.Debug|Any CPU.Build.0 = Debug|Any CPU
		{3607BE0C-6A65-444E-91C1-8D7D7D1F0DF1}.Release|Any CPU.ActiveCfg = Release|Any CPU
		{3607BE0C-6A65-444E-91C1-8D7D7D1F0DF1}.Release|Any CPU.Build.0 = Release|Any CPU
		{DC91E14E-1167-492C-AB76-0CE5124A4539}.Debug|Any CPU.ActiveCfg = Debug|Any CPU
		{DC91E14E-1167-492C-AB76-0CE5124A4539}.Debug|Any CPU.Build.0 = Debug|Any CPU
		{DC91E14E-1167-492C-AB76-0CE5124A4539}.Release|Any CPU.ActiveCfg = Release|Any CPU
		{DC91E14E-1167-492C-AB76-0CE5124A4539}.Release|Any CPU.Build.0 = Release|Any CPU
	EndGlobalSection
	GlobalSection(SolutionProperties) = preSolution
		HideSolutionNode = FALSE
	EndGlobalSection
	GlobalSection(ExtensibilityGlobals) = postSolution
		SolutionGuid = {5E8B37DC-2671-44DD-9917-C44520DE1A6C}
	EndGlobalSection
EndGlobal
